# THIS IS AN AUTOGENERATED FILE. DO NOT EDIT THIS FILE DIRECTLY.
# yarn lockfile v1


"@ampproject/remapping@^2.2.0":
  version "2.2.1"
  resolved "https://registry.npmjs.org/@ampproject/remapping/-/remapping-2.2.1.tgz"
  dependencies:
    "@jridgewell/gen-mapping" "^0.3.0"
    "@jridgewell/trace-mapping" "^0.3.9"

"@babel/code-frame@^7.18.6", "@babel/code-frame@^7.21.4":
  version "7.21.4"
  resolved "https://registry.npmjs.org/@babel/code-frame/-/code-frame-7.21.4.tgz"
  dependencies:
    "@babel/highlight" "^7.18.6"

"@babel/code-frame@^7.22.13":
  version "7.22.13"
  resolved "https://registry.yarnpkg.com/@babel/code-frame/-/code-frame-7.22.13.tgz#e3c1c099402598483b7a8c46a721d1038803755e"
  dependencies:
    "@babel/highlight" "^7.22.13"
    chalk "^2.4.2"

"@babel/compat-data@^7.21.4":
  version "7.21.4"
  resolved "https://registry.npmjs.org/@babel/compat-data/-/compat-data-7.21.4.tgz"

"@babel/core@^7.20.12":
  version "7.21.4"
  resolved "https://registry.npmjs.org/@babel/core/-/core-7.21.4.tgz"
  dependencies:
    "@ampproject/remapping" "^2.2.0"
    "@babel/code-frame" "^7.21.4"
    "@babel/generator" "^7.21.4"
    "@babel/helper-compilation-targets" "^7.21.4"
    "@babel/helper-module-transforms" "^7.21.2"
    "@babel/helpers" "^7.21.0"
    "@babel/parser" "^7.21.4"
    "@babel/template" "^7.20.7"
    "@babel/traverse" "^7.21.4"
    "@babel/types" "^7.21.4"
    convert-source-map "^1.7.0"
    debug "^4.1.0"
    gensync "^1.0.0-beta.2"
    json5 "^2.2.2"
    semver "^6.3.0"

"@babel/generator@^7.21.4":
  version "7.21.4"
  resolved "https://registry.npmjs.org/@babel/generator/-/generator-7.21.4.tgz"
  dependencies:
    "@babel/types" "^7.21.4"
    "@jridgewell/gen-mapping" "^0.3.2"
    "@jridgewell/trace-mapping" "^0.3.17"
    jsesc "^2.5.1"

"@babel/generator@^7.23.0":
  version "7.23.0"
  resolved "https://registry.yarnpkg.com/@babel/generator/-/generator-7.23.0.tgz#df5c386e2218be505b34837acbcb874d7a983420"
  dependencies:
    "@babel/types" "^7.23.0"
    "@jridgewell/gen-mapping" "^0.3.2"
    "@jridgewell/trace-mapping" "^0.3.17"
    jsesc "^2.5.1"

"@babel/helper-compilation-targets@^7.21.4":
  version "7.21.4"
  resolved "https://registry.npmjs.org/@babel/helper-compilation-targets/-/helper-compilation-targets-7.21.4.tgz"
  dependencies:
    "@babel/compat-data" "^7.21.4"
    "@babel/helper-validator-option" "^7.21.0"
    browserslist "^4.21.3"
    lru-cache "^5.1.1"
    semver "^6.3.0"

"@babel/helper-environment-visitor@^7.18.9":
  version "7.18.9"
  resolved "https://registry.npmjs.org/@babel/helper-environment-visitor/-/helper-environment-visitor-7.18.9.tgz"

"@babel/helper-environment-visitor@^7.22.20":
  version "7.22.20"
  resolved "https://registry.yarnpkg.com/@babel/helper-environment-visitor/-/helper-environment-visitor-7.22.20.tgz#96159db61d34a29dba454c959f5ae4a649ba9167"

"@babel/helper-function-name@^7.23.0":
  version "7.23.0"
  resolved "https://registry.yarnpkg.com/@babel/helper-function-name/-/helper-function-name-7.23.0.tgz#1f9a3cdbd5b2698a670c30d2735f9af95ed52759"
  dependencies:
    "@babel/template" "^7.22.15"
    "@babel/types" "^7.23.0"

"@babel/helper-hoist-variables@^7.22.5":
  version "7.22.5"
  resolved "https://registry.yarnpkg.com/@babel/helper-hoist-variables/-/helper-hoist-variables-7.22.5.tgz#c01a007dac05c085914e8fb652b339db50d823bb"
  dependencies:
    "@babel/types" "^7.22.5"

"@babel/helper-module-imports@^7.18.6":
  version "7.21.4"
  resolved "https://registry.npmjs.org/@babel/helper-module-imports/-/helper-module-imports-7.21.4.tgz"
  dependencies:
    "@babel/types" "^7.21.4"

"@babel/helper-module-transforms@^7.21.2":
  version "7.21.2"
  resolved "https://registry.npmjs.org/@babel/helper-module-transforms/-/helper-module-transforms-7.21.2.tgz"
  dependencies:
    "@babel/helper-environment-visitor" "^7.18.9"
    "@babel/helper-module-imports" "^7.18.6"
    "@babel/helper-simple-access" "^7.20.2"
    "@babel/helper-split-export-declaration" "^7.18.6"
    "@babel/helper-validator-identifier" "^7.19.1"
    "@babel/template" "^7.20.7"
    "@babel/traverse" "^7.21.2"
    "@babel/types" "^7.21.2"

"@babel/helper-plugin-utils@^7.19.0", "@babel/helper-plugin-utils@^7.20.2":
  version "7.20.2"
  resolved "https://registry.npmjs.org/@babel/helper-plugin-utils/-/helper-plugin-utils-7.20.2.tgz"

"@babel/helper-simple-access@^7.20.2":
  version "7.20.2"
  resolved "https://registry.npmjs.org/@babel/helper-simple-access/-/helper-simple-access-7.20.2.tgz"
  dependencies:
    "@babel/types" "^7.20.2"

"@babel/helper-split-export-declaration@^7.18.6":
  version "7.18.6"
  resolved "https://registry.npmjs.org/@babel/helper-split-export-declaration/-/helper-split-export-declaration-7.18.6.tgz"
  dependencies:
    "@babel/types" "^7.18.6"

"@babel/helper-split-export-declaration@^7.22.6":
  version "7.22.6"
  resolved "https://registry.yarnpkg.com/@babel/helper-split-export-declaration/-/helper-split-export-declaration-7.22.6.tgz#322c61b7310c0997fe4c323955667f18fcefb91c"
  dependencies:
    "@babel/types" "^7.22.5"

"@babel/helper-string-parser@^7.19.4":
  version "7.19.4"
  resolved "https://registry.npmjs.org/@babel/helper-string-parser/-/helper-string-parser-7.19.4.tgz"

"@babel/helper-string-parser@^7.22.5":
  version "7.22.5"
  resolved "https://registry.yarnpkg.com/@babel/helper-string-parser/-/helper-string-parser-7.22.5.tgz#533f36457a25814cf1df6488523ad547d784a99f"

"@babel/helper-validator-identifier@^7.18.6", "@babel/helper-validator-identifier@^7.19.1":
  version "7.19.1"
  resolved "https://registry.npmjs.org/@babel/helper-validator-identifier/-/helper-validator-identifier-7.19.1.tgz"

"@babel/helper-validator-identifier@^7.22.20":
  version "7.22.20"
  resolved "https://registry.yarnpkg.com/@babel/helper-validator-identifier/-/helper-validator-identifier-7.22.20.tgz#c4ae002c61d2879e724581d96665583dbc1dc0e0"

"@babel/helper-validator-option@^7.21.0":
  version "7.21.0"
  resolved "https://registry.npmjs.org/@babel/helper-validator-option/-/helper-validator-option-7.21.0.tgz"

"@babel/helpers@^7.21.0":
  version "7.21.0"
  resolved "https://registry.npmjs.org/@babel/helpers/-/helpers-7.21.0.tgz"
  dependencies:
    "@babel/template" "^7.20.7"
    "@babel/traverse" "^7.21.0"
    "@babel/types" "^7.21.0"

"@babel/highlight@^7.18.6":
  version "7.18.6"
  resolved "https://registry.npmjs.org/@babel/highlight/-/highlight-7.18.6.tgz"
  dependencies:
    "@babel/helper-validator-identifier" "^7.18.6"
    chalk "^2.0.0"
    js-tokens "^4.0.0"

"@babel/highlight@^7.22.13":
  version "7.22.20"
  resolved "https://registry.yarnpkg.com/@babel/highlight/-/highlight-7.22.20.tgz#4ca92b71d80554b01427815e06f2df965b9c1f54"
  dependencies:
    "@babel/helper-validator-identifier" "^7.22.20"
    chalk "^2.4.2"
    js-tokens "^4.0.0"

"@babel/parser@^7.20.7", "@babel/parser@^7.21.4":
  version "7.21.4"
  resolved "https://registry.npmjs.org/@babel/parser/-/parser-7.21.4.tgz"

"@babel/parser@^7.22.15", "@babel/parser@^7.23.0":
  version "7.23.0"
  resolved "https://registry.yarnpkg.com/@babel/parser/-/parser-7.23.0.tgz#da950e622420bf96ca0d0f2909cdddac3acd8719"

"@babel/plugin-transform-react-jsx-self@^7.18.6":
  version "7.21.0"
  resolved "https://registry.npmjs.org/@babel/plugin-transform-react-jsx-self/-/plugin-transform-react-jsx-self-7.21.0.tgz"
  dependencies:
    "@babel/helper-plugin-utils" "^7.20.2"

"@babel/plugin-transform-react-jsx-source@^7.19.6":
  version "7.19.6"
  resolved "https://registry.npmjs.org/@babel/plugin-transform-react-jsx-source/-/plugin-transform-react-jsx-source-7.19.6.tgz"
  dependencies:
    "@babel/helper-plugin-utils" "^7.19.0"

"@babel/template@^7.20.7":
  version "7.20.7"
  resolved "https://registry.npmjs.org/@babel/template/-/template-7.20.7.tgz"
  dependencies:
    "@babel/code-frame" "^7.18.6"
    "@babel/parser" "^7.20.7"
    "@babel/types" "^7.20.7"

"@babel/template@^7.22.15":
  version "7.22.15"
  resolved "https://registry.yarnpkg.com/@babel/template/-/template-7.22.15.tgz#09576efc3830f0430f4548ef971dde1350ef2f38"
  dependencies:
    "@babel/code-frame" "^7.22.13"
    "@babel/parser" "^7.22.15"
    "@babel/types" "^7.22.15"

"@babel/traverse@^7.21.0", "@babel/traverse@^7.21.2", "@babel/traverse@^7.21.4":
  version "7.23.2"
  resolved "https://registry.yarnpkg.com/@babel/traverse/-/traverse-7.23.2.tgz#329c7a06735e144a506bdb2cad0268b7f46f4ad8"
  dependencies:
    "@babel/code-frame" "^7.22.13"
    "@babel/generator" "^7.23.0"
    "@babel/helper-environment-visitor" "^7.22.20"
    "@babel/helper-function-name" "^7.23.0"
    "@babel/helper-hoist-variables" "^7.22.5"
    "@babel/helper-split-export-declaration" "^7.22.6"
    "@babel/parser" "^7.23.0"
    "@babel/types" "^7.23.0"
    debug "^4.1.0"
    globals "^11.1.0"

"@babel/types@^7.18.6", "@babel/types@^7.20.2", "@babel/types@^7.20.7", "@babel/types@^7.21.0", "@babel/types@^7.21.2", "@babel/types@^7.21.4":
  version "7.21.4"
  resolved "https://registry.npmjs.org/@babel/types/-/types-7.21.4.tgz"
  dependencies:
    "@babel/helper-string-parser" "^7.19.4"
    "@babel/helper-validator-identifier" "^7.19.1"
    to-fast-properties "^2.0.0"

"@babel/types@^7.22.15", "@babel/types@^7.22.5", "@babel/types@^7.23.0":
  version "7.23.0"
  resolved "https://registry.yarnpkg.com/@babel/types/-/types-7.23.0.tgz#8c1f020c9df0e737e4e247c0619f58c68458aaeb"
  dependencies:
    "@babel/helper-string-parser" "^7.22.5"
    "@babel/helper-validator-identifier" "^7.22.20"
    to-fast-properties "^2.0.0"

"@esbuild/android-arm64@0.18.20":
  version "0.18.20"
  resolved "https://registry.yarnpkg.com/@esbuild/android-arm64/-/android-arm64-0.18.20.tgz#984b4f9c8d0377443cc2dfcef266d02244593622"

"@esbuild/android-arm@0.18.20":
  version "0.18.20"
  resolved "https://registry.yarnpkg.com/@esbuild/android-arm/-/android-arm-0.18.20.tgz#fedb265bc3a589c84cc11f810804f234947c3682"

"@esbuild/android-x64@0.18.20":
  version "0.18.20"
  resolved "https://registry.yarnpkg.com/@esbuild/android-x64/-/android-x64-0.18.20.tgz#35cf419c4cfc8babe8893d296cd990e9e9f756f2"

"@esbuild/darwin-arm64@0.18.20":
  version "0.18.20"
  resolved "https://registry.yarnpkg.com/@esbuild/darwin-arm64/-/darwin-arm64-0.18.20.tgz#08172cbeccf95fbc383399a7f39cfbddaeb0d7c1"

"@esbuild/darwin-x64@0.18.20":
  version "0.18.20"
  resolved "https://registry.yarnpkg.com/@esbuild/darwin-x64/-/darwin-x64-0.18.20.tgz#d70d5790d8bf475556b67d0f8b7c5bdff053d85d"

"@esbuild/freebsd-arm64@0.18.20":
  version "0.18.20"
  resolved "https://registry.yarnpkg.com/@esbuild/freebsd-arm64/-/freebsd-arm64-0.18.20.tgz#98755cd12707f93f210e2494d6a4b51b96977f54"

"@esbuild/freebsd-x64@0.18.20":
  version "0.18.20"
  resolved "https://registry.yarnpkg.com/@esbuild/freebsd-x64/-/freebsd-x64-0.18.20.tgz#c1eb2bff03915f87c29cece4c1a7fa1f423b066e"

"@esbuild/linux-arm64@0.18.20":
  version "0.18.20"
  resolved "https://registry.yarnpkg.com/@esbuild/linux-arm64/-/linux-arm64-0.18.20.tgz#bad4238bd8f4fc25b5a021280c770ab5fc3a02a0"

"@esbuild/linux-arm@0.18.20":
  version "0.18.20"
  resolved "https://registry.yarnpkg.com/@esbuild/linux-arm/-/linux-arm-0.18.20.tgz#3e617c61f33508a27150ee417543c8ab5acc73b0"

"@esbuild/linux-ia32@0.18.20":
  version "0.18.20"
  resolved "https://registry.yarnpkg.com/@esbuild/linux-ia32/-/linux-ia32-0.18.20.tgz#699391cccba9aee6019b7f9892eb99219f1570a7"

"@esbuild/linux-loong64@0.18.20":
  version "0.18.20"
  resolved "https://registry.yarnpkg.com/@esbuild/linux-loong64/-/linux-loong64-0.18.20.tgz#e6fccb7aac178dd2ffb9860465ac89d7f23b977d"

"@esbuild/linux-mips64el@0.18.20":
  version "0.18.20"
  resolved "https://registry.yarnpkg.com/@esbuild/linux-mips64el/-/linux-mips64el-0.18.20.tgz#eeff3a937de9c2310de30622a957ad1bd9183231"

"@esbuild/linux-ppc64@0.18.20":
  version "0.18.20"
  resolved "https://registry.yarnpkg.com/@esbuild/linux-ppc64/-/linux-ppc64-0.18.20.tgz#2f7156bde20b01527993e6881435ad79ba9599fb"

"@esbuild/linux-riscv64@0.18.20":
  version "0.18.20"
  resolved "https://registry.yarnpkg.com/@esbuild/linux-riscv64/-/linux-riscv64-0.18.20.tgz#6628389f210123d8b4743045af8caa7d4ddfc7a6"

"@esbuild/linux-s390x@0.18.20":
  version "0.18.20"
  resolved "https://registry.yarnpkg.com/@esbuild/linux-s390x/-/linux-s390x-0.18.20.tgz#255e81fb289b101026131858ab99fba63dcf0071"

"@esbuild/linux-x64@0.18.20":
  version "0.18.20"
  resolved "https://registry.yarnpkg.com/@esbuild/linux-x64/-/linux-x64-0.18.20.tgz#c7690b3417af318a9b6f96df3031a8865176d338"

"@esbuild/netbsd-x64@0.18.20":
  version "0.18.20"
  resolved "https://registry.yarnpkg.com/@esbuild/netbsd-x64/-/netbsd-x64-0.18.20.tgz#30e8cd8a3dded63975e2df2438ca109601ebe0d1"

"@esbuild/openbsd-x64@0.18.20":
  version "0.18.20"
  resolved "https://registry.yarnpkg.com/@esbuild/openbsd-x64/-/openbsd-x64-0.18.20.tgz#7812af31b205055874c8082ea9cf9ab0da6217ae"

"@esbuild/sunos-x64@0.18.20":
  version "0.18.20"
  resolved "https://registry.yarnpkg.com/@esbuild/sunos-x64/-/sunos-x64-0.18.20.tgz#d5c275c3b4e73c9b0ecd38d1ca62c020f887ab9d"

"@esbuild/win32-arm64@0.18.20":
  version "0.18.20"
  resolved "https://registry.yarnpkg.com/@esbuild/win32-arm64/-/win32-arm64-0.18.20.tgz#73bc7f5a9f8a77805f357fab97f290d0e4820ac9"

"@esbuild/win32-ia32@0.18.20":
  version "0.18.20"
  resolved "https://registry.yarnpkg.com/@esbuild/win32-ia32/-/win32-ia32-0.18.20.tgz#ec93cbf0ef1085cc12e71e0d661d20569ff42102"

"@esbuild/win32-x64@0.18.20":
  version "0.18.20"
  resolved "https://registry.yarnpkg.com/@esbuild/win32-x64/-/win32-x64-0.18.20.tgz#786c5f41f043b07afb1af37683d7c33668858f6d"

"@jridgewell/gen-mapping@^0.3.0", "@jridgewell/gen-mapping@^0.3.2":
  version "0.3.3"
  resolved "https://registry.npmjs.org/@jridgewell/gen-mapping/-/gen-mapping-0.3.3.tgz"
  dependencies:
    "@jridgewell/set-array" "^1.0.1"
    "@jridgewell/sourcemap-codec" "^1.4.10"
    "@jridgewell/trace-mapping" "^0.3.9"

"@jridgewell/resolve-uri@3.1.0":
  version "3.1.0"
  resolved "https://registry.npmjs.org/@jridgewell/resolve-uri/-/resolve-uri-3.1.0.tgz"

"@jridgewell/set-array@^1.0.1":
  version "1.1.2"
  resolved "https://registry.npmjs.org/@jridgewell/set-array/-/set-array-1.1.2.tgz"

"@jridgewell/sourcemap-codec@1.4.14":
  version "1.4.14"
  resolved "https://registry.npmjs.org/@jridgewell/sourcemap-codec/-/sourcemap-codec-1.4.14.tgz"

"@jridgewell/sourcemap-codec@^1.4.10", "@jridgewell/sourcemap-codec@^1.4.13":
  version "1.4.15"
  resolved "https://registry.npmjs.org/@jridgewell/sourcemap-codec/-/sourcemap-codec-1.4.15.tgz"

"@jridgewell/trace-mapping@^0.3.17", "@jridgewell/trace-mapping@^0.3.9":
  version "0.3.18"
  resolved "https://registry.npmjs.org/@jridgewell/trace-mapping/-/trace-mapping-0.3.18.tgz"
  dependencies:
    "@jridgewell/resolve-uri" "3.1.0"
    "@jridgewell/sourcemap-codec" "1.4.14"

"@types/prop-types@*":
  version "15.7.5"
  resolved "https://registry.npmjs.org/@types/prop-types/-/prop-types-15.7.5.tgz"

"@types/react-dom@^18.0.11":
  version "18.0.11"
  resolved "https://registry.npmjs.org/@types/react-dom/-/react-dom-18.0.11.tgz"
  dependencies:
    "@types/react" "*"

"@types/react@*", "@types/react@^18.0.28":
  version "18.0.35"
  resolved "https://registry.npmjs.org/@types/react/-/react-18.0.35.tgz"
  dependencies:
    "@types/prop-types" "*"
    "@types/scheduler" "*"
    csstype "^3.0.2"

"@types/scheduler@*":
  version "0.16.3"
  resolved "https://registry.npmjs.org/@types/scheduler/-/scheduler-0.16.3.tgz"

"@vitejs/plugin-react@^3.1.0":
  version "3.1.0"
  resolved "https://registry.npmjs.org/@vitejs/plugin-react/-/plugin-react-3.1.0.tgz"
  dependencies:
    "@babel/core" "^7.20.12"
    "@babel/plugin-transform-react-jsx-self" "^7.18.6"
    "@babel/plugin-transform-react-jsx-source" "^7.19.6"
    magic-string "^0.27.0"
    react-refresh "^0.14.0"

ansi-styles@^3.2.1:
  version "3.2.1"
  resolved "https://registry.npmjs.org/ansi-styles/-/ansi-styles-3.2.1.tgz"
  dependencies:
    color-convert "^1.9.0"

anymatch@~3.1.2:
  version "3.1.3"
  resolved "https://registry.npmjs.org/anymatch/-/anymatch-3.1.3.tgz"
  dependencies:
    normalize-path "^3.0.0"
    picomatch "^2.0.4"

asynckit@^0.4.0:
  version "0.4.0"
  resolved "https://registry.npmjs.org/asynckit/-/asynckit-0.4.0.tgz"

axios@^1.6.0:
  version "1.6.0"
  resolved "https://registry.yarnpkg.com/axios/-/axios-1.6.0.tgz#f1e5292f26b2fd5c2e66876adc5b06cdbd7d2102"
  dependencies:
    follow-redirects "^1.15.0"
    form-data "^4.0.0"
    proxy-from-env "^1.1.0"

binary-extensions@^2.0.0:
  version "2.2.0"
  resolved "https://registry.npmjs.org/binary-extensions/-/binary-extensions-2.2.0.tgz"

braces@~3.0.2:
  version "3.0.3"
  resolved "https://registry.yarnpkg.com/braces/-/braces-3.0.3.tgz#490332f40919452272d55a8480adc0c441358789"
  dependencies:
    fill-range "^7.1.1"

browserslist@^4.21.3:
  version "4.21.5"
  resolved "https://registry.npmjs.org/browserslist/-/browserslist-4.21.5.tgz"
  dependencies:
    caniuse-lite "^1.0.30001449"
    electron-to-chromium "^1.4.284"
    node-releases "^2.0.8"
    update-browserslist-db "^1.0.10"

caniuse-lite@^1.0.30001449:
  version "1.0.30001480"
  resolved "https://registry.npmjs.org/caniuse-lite/-/caniuse-lite-1.0.30001480.tgz"

chalk@^2.0.0, chalk@^2.4.2:
  version "2.4.2"
  resolved "https://registry.npmjs.org/chalk/-/chalk-2.4.2.tgz"
  dependencies:
    ansi-styles "^3.2.1"
    escape-string-regexp "^1.0.5"
    supports-color "^5.3.0"

"chokidar@>=3.0.0 <4.0.0":
  version "3.5.3"
  resolved "https://registry.npmjs.org/chokidar/-/chokidar-3.5.3.tgz"
  dependencies:
    anymatch "~3.1.2"
    braces "~3.0.2"
    glob-parent "~5.1.2"
    is-binary-path "~2.1.0"
    is-glob "~4.0.1"
    normalize-path "~3.0.0"
    readdirp "~3.6.0"
  optionalDependencies:
    fsevents "~2.3.2"

color-convert@^1.9.0:
  version "1.9.3"
  resolved "https://registry.npmjs.org/color-convert/-/color-convert-1.9.3.tgz"
  dependencies:
    color-name "1.1.3"

color-name@1.1.3:
  version "1.1.3"
  resolved "https://registry.npmjs.org/color-name/-/color-name-1.1.3.tgz"

combined-stream@^1.0.8:
  version "1.0.8"
  resolved "https://registry.npmjs.org/combined-stream/-/combined-stream-1.0.8.tgz"
  dependencies:
    delayed-stream "~1.0.0"

convert-source-map@^1.7.0:
  version "1.9.0"
  resolved "https://registry.npmjs.org/convert-source-map/-/convert-source-map-1.9.0.tgz"

csstype@^3.0.2:
  version "3.1.2"
  resolved "https://registry.npmjs.org/csstype/-/csstype-3.1.2.tgz"

debug@^4.1.0:
  version "4.3.4"
  resolved "https://registry.npmjs.org/debug/-/debug-4.3.4.tgz"
  dependencies:
    ms "2.1.2"

delayed-stream@~1.0.0:
  version "1.0.0"
  resolved "https://registry.npmjs.org/delayed-stream/-/delayed-stream-1.0.0.tgz"

electron-to-chromium@^1.4.284:
  version "1.4.365"
  resolved "https://registry.npmjs.org/electron-to-chromium/-/electron-to-chromium-1.4.365.tgz"

esbuild@^0.18.10:
  version "0.18.20"
  resolved "https://registry.yarnpkg.com/esbuild/-/esbuild-0.18.20.tgz#4709f5a34801b43b799ab7d6d82f7284a9b7a7a6"
  optionalDependencies:
    "@esbuild/android-arm" "0.18.20"
    "@esbuild/android-arm64" "0.18.20"
    "@esbuild/android-x64" "0.18.20"
    "@esbuild/darwin-arm64" "0.18.20"
    "@esbuild/darwin-x64" "0.18.20"
    "@esbuild/freebsd-arm64" "0.18.20"
    "@esbuild/freebsd-x64" "0.18.20"
    "@esbuild/linux-arm" "0.18.20"
    "@esbuild/linux-arm64" "0.18.20"
    "@esbuild/linux-ia32" "0.18.20"
    "@esbuild/linux-loong64" "0.18.20"
    "@esbuild/linux-mips64el" "0.18.20"
    "@esbuild/linux-ppc64" "0.18.20"
    "@esbuild/linux-riscv64" "0.18.20"
    "@esbuild/linux-s390x" "0.18.20"
    "@esbuild/linux-x64" "0.18.20"
    "@esbuild/netbsd-x64" "0.18.20"
    "@esbuild/openbsd-x64" "0.18.20"
    "@esbuild/sunos-x64" "0.18.20"
    "@esbuild/win32-arm64" "0.18.20"
    "@esbuild/win32-ia32" "0.18.20"
    "@esbuild/win32-x64" "0.18.20"

escalade@^3.1.1:
  version "3.1.1"
  resolved "https://registry.npmjs.org/escalade/-/escalade-3.1.1.tgz"

escape-string-regexp@^1.0.5:
  version "1.0.5"
  resolved "https://registry.npmjs.org/escape-string-regexp/-/escape-string-regexp-1.0.5.tgz"

fill-range@^7.1.1:
  version "7.1.1"
  resolved "https://registry.yarnpkg.com/fill-range/-/fill-range-7.1.1.tgz#44265d3cac07e3ea7dc247516380643754a05292"
  dependencies:
    to-regex-range "^5.0.1"

follow-redirects@^1.15.0:
  version "1.15.6"
  resolved "https://registry.yarnpkg.com/follow-redirects/-/follow-redirects-1.15.6.tgz#7f815c0cda4249c74ff09e95ef97c23b5fd0399b"

form-data@^4.0.0:
  version "4.0.0"
  resolved "https://registry.npmjs.org/form-data/-/form-data-4.0.0.tgz"
  dependencies:
    asynckit "^0.4.0"
    combined-stream "^1.0.8"
    mime-types "^2.1.12"

fsevents@~2.3.2:
  version "2.3.2"
  resolved "https://registry.yarnpkg.com/fsevents/-/fsevents-2.3.2.tgz#8a526f78b8fdf4623b709e0b975c52c24c02fd1a"

gensync@^1.0.0-beta.2:
  version "1.0.0-beta.2"
  resolved "https://registry.npmjs.org/gensync/-/gensync-1.0.0-beta.2.tgz"

glob-parent@~5.1.2:
  version "5.1.2"
  resolved "https://registry.npmjs.org/glob-parent/-/glob-parent-5.1.2.tgz"
  dependencies:
    is-glob "^4.0.1"

globals@^11.1.0:
  version "11.12.0"
  resolved "https://registry.npmjs.org/globals/-/globals-11.12.0.tgz"

has-flag@^3.0.0:
  version "3.0.0"
  resolved "https://registry.npmjs.org/has-flag/-/has-flag-3.0.0.tgz"

immutable@^4.0.0:
  version "4.3.0"
  resolved "https://registry.npmjs.org/immutable/-/immutable-4.3.0.tgz"

is-binary-path@~2.1.0:
  version "2.1.0"
  resolved "https://registry.npmjs.org/is-binary-path/-/is-binary-path-2.1.0.tgz"
  dependencies:
    binary-extensions "^2.0.0"

is-extglob@^2.1.1:
  version "2.1.1"
  resolved "https://registry.npmjs.org/is-extglob/-/is-extglob-2.1.1.tgz"

is-glob@^4.0.1, is-glob@~4.0.1:
  version "4.0.3"
  resolved "https://registry.npmjs.org/is-glob/-/is-glob-4.0.3.tgz"
  dependencies:
    is-extglob "^2.1.1"

is-number@^7.0.0:
  version "7.0.0"
  resolved "https://registry.npmjs.org/is-number/-/is-number-7.0.0.tgz"

"js-tokens@^3.0.0 || ^4.0.0", js-tokens@^4.0.0:
  version "4.0.0"
  resolved "https://registry.npmjs.org/js-tokens/-/js-tokens-4.0.0.tgz"

jsesc@^2.5.1:
  version "2.5.2"
  resolved "https://registry.npmjs.org/jsesc/-/jsesc-2.5.2.tgz"

json5@^2.2.2:
  version "2.2.3"
  resolved "https://registry.npmjs.org/json5/-/json5-2.2.3.tgz"

loose-envify@^1.1.0:
  version "1.4.0"
  resolved "https://registry.npmjs.org/loose-envify/-/loose-envify-1.4.0.tgz"
  dependencies:
    js-tokens "^3.0.0 || ^4.0.0"

lru-cache@^5.1.1:
  version "5.1.1"
  resolved "https://registry.npmjs.org/lru-cache/-/lru-cache-5.1.1.tgz"
  dependencies:
    yallist "^3.0.2"

magic-string@^0.27.0:
  version "0.27.0"
  resolved "https://registry.npmjs.org/magic-string/-/magic-string-0.27.0.tgz"
  dependencies:
    "@jridgewell/sourcemap-codec" "^1.4.13"

mime-db@1.52.0:
  version "1.52.0"
  resolved "https://registry.npmjs.org/mime-db/-/mime-db-1.52.0.tgz"

mime-types@^2.1.12:
  version "2.1.35"
  resolved "https://registry.npmjs.org/mime-types/-/mime-types-2.1.35.tgz"
  dependencies:
    mime-db "1.52.0"

ms@2.1.2:
  version "2.1.2"
  resolved "https://registry.npmjs.org/ms/-/ms-2.1.2.tgz"

nanoid@^3.3.7:
  version "3.3.7"
  resolved "https://registry.yarnpkg.com/nanoid/-/nanoid-3.3.7.tgz#d0c301a691bc8d54efa0a2226ccf3fe2fd656bd8"

node-releases@^2.0.8:
  version "2.0.10"
  resolved "https://registry.npmjs.org/node-releases/-/node-releases-2.0.10.tgz"

normalize-path@^3.0.0, normalize-path@~3.0.0:
  version "3.0.0"
  resolved "https://registry.npmjs.org/normalize-path/-/normalize-path-3.0.0.tgz"

picocolors@^1.0.0:
  version "1.0.0"
  resolved "https://registry.npmjs.org/picocolors/-/picocolors-1.0.0.tgz"

picocolors@^1.0.1:
  version "1.0.1"
  resolved "https://registry.yarnpkg.com/picocolors/-/picocolors-1.0.1.tgz#a8ad579b571952f0e5d25892de5445bcfe25aaa1"

picomatch@^2.0.4, picomatch@^2.2.1:
  version "2.3.1"
  resolved "https://registry.npmjs.org/picomatch/-/picomatch-2.3.1.tgz"

postcss@^8.4.27:
  version "8.4.39"
  resolved "https://registry.yarnpkg.com/postcss/-/postcss-8.4.39.tgz#aa3c94998b61d3a9c259efa51db4b392e1bde0e3"
  dependencies:
    nanoid "^3.3.7"
    picocolors "^1.0.1"
    source-map-js "^1.2.0"

proxy-from-env@^1.1.0:
  version "1.1.0"
  resolved "https://registry.npmjs.org/proxy-from-env/-/proxy-from-env-1.1.0.tgz"

react-dom@^18.2.0:
  version "18.2.0"
  resolved "https://registry.npmjs.org/react-dom/-/react-dom-18.2.0.tgz"
  dependencies:
    loose-envify "^1.1.0"
    scheduler "^0.23.0"

react-refresh@^0.14.0:
  version "0.14.0"
  resolved "https://registry.npmjs.org/react-refresh/-/react-refresh-0.14.0.tgz"

react@^18.2.0:
  version "18.2.0"
  resolved "https://registry.npmjs.org/react/-/react-18.2.0.tgz"
  dependencies:
    loose-envify "^1.1.0"

readdirp@~3.6.0:
  version "3.6.0"
  resolved "https://registry.npmjs.org/readdirp/-/readdirp-3.6.0.tgz"
  dependencies:
    picomatch "^2.2.1"

rollup@^3.27.1:
  version "3.29.5"
  resolved "https://registry.yarnpkg.com/rollup/-/rollup-3.29.5.tgz#8a2e477a758b520fb78daf04bca4c522c1da8a54"
  optionalDependencies:
    fsevents "~2.3.2"

sass@^1.62.0:
  version "1.62.0"
  resolved "https://registry.npmjs.org/sass/-/sass-1.62.0.tgz"
  dependencies:
    chokidar ">=3.0.0 <4.0.0"
    immutable "^4.0.0"
    source-map-js ">=0.6.2 <2.0.0"

scheduler@^0.23.0:
  version "0.23.0"
  resolved "https://registry.npmjs.org/scheduler/-/scheduler-0.23.0.tgz"
  dependencies:
    loose-envify "^1.1.0"

semver@^6.3.0:
  version "6.3.1"
  resolved "https://registry.yarnpkg.com/semver/-/semver-6.3.1.tgz#556d2ef8689146e46dcea4bfdd095f3434dffcb4"

"source-map-js@>=0.6.2 <2.0.0":
  version "1.0.2"
  resolved "https://registry.npmjs.org/source-map-js/-/source-map-js-1.0.2.tgz"

source-map-js@^1.2.0:
  version "1.2.0"
  resolved "https://registry.yarnpkg.com/source-map-js/-/source-map-js-1.2.0.tgz#16b809c162517b5b8c3e7dcd315a2a5c2612b2af"

ssr-window@^4.0.2:
  version "4.0.2"
  resolved "https://registry.npmjs.org/ssr-window/-/ssr-window-4.0.2.tgz"

supports-color@^5.3.0:
  version "5.5.0"
  resolved "https://registry.npmjs.org/supports-color/-/supports-color-5.5.0.tgz"
  dependencies:
    has-flag "^3.0.0"

swiper@^9.2.2:
  version "9.2.2"
  resolved "https://registry.npmjs.org/swiper/-/swiper-9.2.2.tgz"
  dependencies:
    ssr-window "^4.0.2"

to-fast-properties@^2.0.0:
  version "2.0.0"
  resolved "https://registry.npmjs.org/to-fast-properties/-/to-fast-properties-2.0.0.tgz"

to-regex-range@^5.0.1:
  version "5.0.1"
  resolved "https://registry.npmjs.org/to-regex-range/-/to-regex-range-5.0.1.tgz"
  dependencies:
    is-number "^7.0.0"

update-browserslist-db@^1.0.10:
  version "1.0.11"
  resolved "https://registry.npmjs.org/update-browserslist-db/-/update-browserslist-db-1.0.11.tgz"
  dependencies:
    escalade "^3.1.1"
    picocolors "^1.0.0"

vite@^4.5.5:
  version "4.5.5"
  resolved "https://registry.yarnpkg.com/vite/-/vite-4.5.5.tgz#639b9feca5c0a3bfe3c60cb630ef28bf219d742e"
  dependencies:
    esbuild "^0.18.10"
    postcss "^8.4.27"
    rollup "^3.27.1"
  optionalDependencies:
    fsevents "~2.3.2"

yallist@^3.0.2:
  version "3.1.1"
  resolved "https://registry.npmjs.org/yallist/-/yallist-3.1.1.tgz"
